{
  "name": "penny-local-companion",
  "version": "0.1.0",
  "lockfileVersion": 3,
  "requires": true,
  "packages": {
    "": {
      "name": "penny-local-companion",
      "version": "0.1.0",
      "license": "UNLICENSED",
      "engines": {
        "node": ">=24 <25",
        "npm": ">=11 <12"
      },
      "optionalDependencies": {
        "@yarflam/potion-base-8m": "1.0.4"
      }
    },
    "node_modules/@yarflam/potion-base-8m": {
      "version": "1.0.4",
      "resolved": "https://registry.npmjs.org/@yarflam/potion-base-8m/-/potion-base-8m-1.0.4.tgz",
      "integrity": "sha512-FnVnvuGhol1v5cH+ij0VkPmJFZotRwsJsvp4TB901S2eg8pKCttL3tIRklG9erbyDGBAfxpBh//TNEW7bxc7lw==",
      "license": "MIT",
      "optional": true,
      "engines": {
        "node": ">=18.0.0"
      }
    }
  }
}
